
Microsoft Visual Studio Solution File, Format Version 12.00
# Visual Studio Version 16
VisualStudioVersion = 16.0.29409.12
MinimumVisualStudioVersion = 10.0.40219.1
Project("{FAE04EC0-301F-11D3-BF4B-00C04F79EFBC}") = "5", "5\5.csproj", "{011486A0-58B4-453D-9303-B143D9BB95D6}"
EndProject
Global
	GlobalSection(SolutionConfigurationPlatforms) = preSolution
		Debug|Any CPU = Debug|Any CPU
		Release|Any CPU = Release|Any CPU
	EndGlobalSection
	GlobalSection(ProjectConfigurationPlatforms) = postSolution
		{011486A0-58B4-453D-9303-B143D9BB95D6}.Debug|Any CPU.ActiveCfg = Debug|Any CPU
		{011486A0-58B4-453D-9303-B143D9BB95D6}.Debug|Any CPU.Build.0 = Debug|Any CPU
		{011486A0-58B4-453D-9303-B143D9BB95D6}.Release|Any CPU.ActiveCfg = Release|Any CPU
		{011486A0-58B4-453D-9303-B143D9BB95D6}.Release|Any CPU.Build.0 = Release|Any CPU
	EndGlobalSection
	GlobalSection(SolutionProperties) = preSolution
		HideSolutionNode = FALSE
	EndGlobalSection
	GlobalSection(ExtensibilityGlobals) = postSolution
		SolutionGuid = {628AFCB1-0EB0-4A50-96A1-3CDCDF471FFF}
	EndGlobalSection
EndGlobal
